---
ID: "eec2101b-1a70-519d-9de7-78339509f971"
Parent: "4ae2190e-8ecd-5005-9f13-ce4343cf429f"
Template: "9e3ba319-a525-5465-8e3d-b221673baec5"
Path: "/sitecore/content/sitecore-jss-app/home/graphql/sample-2/Page Components/sample-2-jss-main-ContentBlock-1"
DB: master
SharedFields:
- ID: "a4f985d9-98b3-4b52-aaaf-4344f6e747c6"
  Hint: __Workflow
  Value: "{6C59AE29-D0A1-4B77-9305-0ABAB21D5FE5}"
Languages:
- Language: en
  Fields:
  - ID: "b5e02ad9-d56f-4c41-a065-a133db87bdeb"
    Hint: __Display name
    Value: "ContentBlock-1"
  Versions:
  - Version: 1
    Fields:
    - ID: "25bed78c-4957-4165-998a-ca1b52f67497"
      Hint: __Created
      Value: 20240102T083623Z
    - ID: "3e431de1-525e-47a3-b6b0-1ccbec3a8c98"
      Hint: __Workflow state
      Value: "{FCFDBB96-946A-4D2F-BCCD-5573073FC176}"
    - ID: "b35cf3f3-11de-5b48-bed3-c6b4dcee9fa4"
      Hint: heading
      Value: GraphQL Sample 2
    - ID: "cd65a711-0e08-523f-8a3b-72fef5fffa9d"
      Hint: content
      Value: |
        <p>A child route here to illustrate the power of GraphQL queries. <a href="/graphql">Back to GraphQL route</a></p>
        
